
Microsoft Visual Studio Solution File, Format Version 12.00
# Visual Studio Version 16
VisualStudioVersion = 16.0.33214.272
MinimumVisualStudioVersion = 10.0.40219.1
Project("{FAE04EC0-301F-11D3-BF4B-00C04F79EFBC}") = "troca-valor-AB", "troca-valor-AB\troca-valor-AB.csproj", "{AFD4C7DD-AB81-4D56-9669-B8E12B897FAB}"
EndProject
Global
	GlobalSection(SolutionConfigurationPlatforms) = preSolution
		Debug|Any CPU = Debug|Any CPU
		Release|Any CPU = Release|Any CPU
	EndGlobalSection
	GlobalSection(ProjectConfigurationPlatforms) = postSolution
		{AFD4C7DD-AB81-4D56-9669-B8E12B897FAB}.Debug|Any CPU.ActiveCfg = Debug|Any CPU
		{AFD4C7DD-AB81-4D56-9669-B8E12B897FAB}.Debug|Any CPU.Build.0 = Debug|Any CPU
		{AFD4C7DD-AB81-4D56-9669-B8E12B897FAB}.Release|Any CPU.ActiveCfg = Release|Any CPU
		{AFD4C7DD-AB81-4D56-9669-B8E12B897FAB}.Release|Any CPU.Build.0 = Release|Any CPU
	EndGlobalSection
	GlobalSection(SolutionProperties) = preSolution
		HideSolutionNode = FALSE
	EndGlobalSection
	GlobalSection(ExtensibilityGlobals) = postSolution
		SolutionGuid = {2318B68B-600D-45BD-BA47-C8D17EBDCB62}
	EndGlobalSection
EndGlobal
